
Microsoft Visual Studio Solution File, Format Version 12.00
# Visual Studio 14
VisualStudioVersion = 14.0.25420.1
MinimumVisualStudioVersion = 10.0.40219.1
Project("{FAE04EC0-301F-11D3-BF4B-00C04F79EFBC}") = "DGNuGetTestWA", "DGNuGetTestWA\DGNuGetTestWA.csproj", "{4C2685C9-6E3E-4070-A05D-A315BB2AB74E}"
EndProject
Project("{FAE04EC0-301F-11D3-BF4B-00C04F79EFBC}") = "DGNuGetTestWA.Tests", "DGNuGetTestWA.Tests\DGNuGetTestWA.Tests.csproj", "{51655F14-F0AB-49F7-8107-0EF9E251E136}"
EndProject
Global
	GlobalSection(SolutionConfigurationPlatforms) = preSolution
		Debug|Any CPU = Debug|Any CPU
		Release|Any CPU = Release|Any CPU
	EndGlobalSection
	GlobalSection(ProjectConfigurationPlatforms) = postSolution
		{4C2685C9-6E3E-4070-A05D-A315BB2AB74E}.Debug|Any CPU.ActiveCfg = Debug|Any CPU
		{4C2685C9-6E3E-4070-A05D-A315BB2AB74E}.Debug|Any CPU.Build.0 = Debug|Any CPU
		{4C2685C9-6E3E-4070-A05D-A315BB2AB74E}.Release|Any CPU.ActiveCfg = Release|Any CPU
		{4C2685C9-6E3E-4070-A05D-A315BB2AB74E}.Release|Any CPU.Build.0 = Release|Any CPU
		{51655F14-F0AB-49F7-8107-0EF9E251E136}.Debug|Any CPU.ActiveCfg = Debug|Any CPU
		{51655F14-F0AB-49F7-8107-0EF9E251E136}.Debug|Any CPU.Build.0 = Debug|Any CPU
		{51655F14-F0AB-49F7-8107-0EF9E251E136}.Release|Any CPU.ActiveCfg = Release|Any CPU
		{51655F14-F0AB-49F7-8107-0EF9E251E136}.Release|Any CPU.Build.0 = Release|Any CPU
	EndGlobalSection
	GlobalSection(SolutionProperties) = preSolution
		HideSolutionNode = FALSE
	EndGlobalSection
EndGlobal
